{
  "name": "auto-coin-exchange",
  "version": "1.0.0",
  "lockfileVersion": 1,
  "requires": true,
  "dependencies": {
    "better-typescript-lib": {
      "version": "1.0.1",
      "resolved": "https://registry.npmjs.org/better-typescript-lib/-/better-typescript-lib-1.0.1.tgz",
      "integrity": "sha512-lFWrLwTuVz1QZ8l1MbO+qFv8zEOcGVujkHIY4PFcY1EDZN85HaJzrUPBFaocUAEMWgqXTAGZPsyH7+IVRuBysw==",
      "dev": true
    },
    "ccxt": {
      "version": "1.41.64",
      "resolved": "https://registry.npmjs.org/ccxt/-/ccxt-1.41.64.tgz",
      "integrity": "sha512-YibpgBOevzLUGtAC5AYjABGZ9/M0EZd4+pKRe5dVNkoCFrUnfOXIPcSGd2HQjfNw8rGmX71Z7+OKR0NEBaHTrQ=="
    }
  }
}
